// !$*UTF8*$!
{
	archiveVersion = 1;
	classes = {
	};
	objectVersion = 56;
	objects = {

/* Begin PBXBuildFile section */
		BE742FA72C7BE85600E9AD12 /* AppDelegate.swift in Sources */ = {isa = PBXBuildFile; fileRef = BE742FA62C7BE85600E9AD12 /* AppDelegate.swift */; };
		BE742FA92C7BE85600E9AD12 /* SceneDelegate.swift in Sources */ = {isa = PBXBuildFile; fileRef = BE742FA82C7BE85600E9AD12 /* SceneDelegate.swift */; };
		BE742FAB2C7BE85600E9AD12 /* ViewController.swift in Sources */ = {isa = PBXBuildFile; fileRef = BE742FAA2C7BE85600E9AD12 /* ViewController.swift */; };
		BE742FAE2C7BE85600E9AD12 /* Base in Resources */ = {isa = PBXBuildFile; fileRef = BE742FAD2C7BE85600E9AD12 /* Base */; };
		BE742FB12C7BE85600E9AD12 /* RememberMyBirthday.xcdatamodeld in Sources */ = {isa = PBXBuildFile; fileRef = BE742FAF2C7BE85600E9AD12 /* RememberMyBirthday.xcdatamodeld */; };
		BE742FB32C7BE85800E9AD12 /* Assets.xcassets in Resources */ = {isa = PBXBuildFile; fileRef = BE742FB22C7BE85800E9AD12 /* Assets.xcassets */; };
		BE742FB62C7BE85800E9AD12 /* Base in Resources */ = {isa = PBXBuildFile; fileRef = BE742FB52C7BE85800E9AD12 /* Base */; };
/* End PBXBuildFile section */

/* Begin PBXFileReference section */
		BE742FA32C7BE85600E9AD12 /* RememberMyBirthday.app */ = {isa = PBXFileReference; explicitFileType = wrapper.application; includeInIndex = 0; path = RememberMyBirthday.app; sourceTree = BUILT_PRODUCTS_DIR; };
		BE742FA62C7BE85600E9AD12 /* AppDelegate.swift */ = {isa = PBXFileReference; lastKnownFileType = sourcecode.swift; path = AppDelegate.swift; sourceTree = "<group>"; };
		BE742FA82C7BE85600E9AD12 /* SceneDelegate.swift */ = {isa = PBXFileReference; lastKnownFileType = sourcecode.swift; path = SceneDelegate.swift; sourceTree = "<group>"; };
		BE742FAA2C7BE85600E9AD12 /* ViewController.swift */ = {isa = PBXFileReference; lastKnownFileType = sourcecode.swift; path = ViewController.swift; sourceTree = "<group>"; };
		BE742FAD2C7BE85600E9AD12 /* Base */ = {isa = PBXFileReference; lastKnownFileType = file.storyboard; name = Base; path = Base.lproj/Main.storyboard; sourceTree = "<group>"; };
		BE742FB02C7BE85600E9AD12 /* RememberMyBirthday.xcdatamodel */ = {isa = PBXFileReference; lastKnownFileType = wrapper.xcdatamodel; path = RememberMyBirthday.xcdatamodel; sourceTree = "<group>"; };
		BE742FB22C7BE85800E9AD12 /* Assets.xcassets */ = {isa = PBXFileReference; lastKnownFileType = folder.assetcatalog; path = Assets.xcassets; sourceTree = "<group>"; };
		BE742FB52C7BE85800E9AD12 /* Base */ = {isa = PBXFileReference; lastKnownFileType = file.storyboard; name = Base; path = Base.lproj/LaunchScreen.storyboard; sourceTree = "<group>"; };
		BE742FB72C7BE85800E9AD12 /* Info.plist */ = {isa = PBXFileReference; lastKnownFileType = text.plist.xml; path = Info.plist; sourceTree = "<group>"; };
/* End PBXFileReference section */

/* Begin PBXFrameworksBuildPhase section */
		BE742FA02C7BE85600E9AD12 /* Frameworks */ = {
			isa = PBXFrameworksBuildPhase;
			buildActionMask = 2147483647;
			files = (
			);
			runOnlyForDeploymentPostprocessing = 0;
		};
/* End PBXFrameworksBuildPhase section */

/* Begin PBXGroup section */
		BE742F9A2C7BE85600E9AD12 = {
			isa = PBXGroup;
			children = (
				BE742FA52C7BE85600E9AD12 /* RememberMyBirthday */,
				BE742FA42C7BE85600E9AD12 /* Products */,
			);
			sourceTree = "<group>";
		};
		BE742FA42C7BE85600E9AD12 /* Products */ = {
			isa = PBXGroup;
			children = (
				BE742FA32C7BE85600E9AD12 /* RememberMyBirthday.app */,
			);
			name = Products;
			sourceTree = "<group>";
		};
		BE742FA52C7BE85600E9AD12 /* RememberMyBirthday */ = {
			isa = PBXGroup;
			children = (
				BE742FA62C7BE85600E9AD12 /* AppDelegate.swift */,
				BE742FA82C7BE85600E9AD12 /* SceneDelegate.swift */,
				BE742FAA2C7BE85600E9AD12 /* ViewController.swift */,
				BE742FAC2C7BE85600E9AD12 /* Main.storyboard */,
				BE742FB22C7BE85800E9AD12 /* Assets.xcassets */,
				BE742FB42C7BE85800E9AD12 /* LaunchScreen.storyboard */,
				BE742FB72C7BE85800E9AD12 /* Info.plist */,
				BE742FAF2C7BE85600E9AD12 /* RememberMyBirthday.xcdatamodeld */,
			);
			path = RememberMyBirthday;
			sourceTree = "<group>";
		};
/* End PBXGroup section */

/* Begin PBXNativeTarget section */
		BE742FA22C7BE85600E9AD12 /* RememberMyBirthday */ = {
			isa = PBXNativeTarget;
			buildConfigurationList = BE742FBA2C7BE85800E9AD12 /* Build configuration list for PBXNativeTarget "RememberMyBirthday" */;
			buildPhases = (
				BE742F9F2C7BE85600E9AD12 /* Sources */,
				BE742FA02C7BE85600E9AD12 /* Frameworks */,
				BE742FA12C7BE85600E9AD12 /* Resources */,
			);
			buildRules = (
			);
			dependencies = (
			);
			name = RememberMyBirthday;
			productName = RememberMyBirthday;
			productReference = BE742FA32C7BE85600E9AD12 /* RememberMyBirthday.app */;
			productType = "com.apple.product-type.application";
		};
/* End PBXNativeTarget section */

/* Begin PBXProject section */
		BE742F9B2C7BE85600E9AD12 /* Project object */ = {
			isa = PBXProject;
			attributes = {
				BuildIndependentTargetsInParallel = 1;
				LastSwiftUpdateCheck = 1540;
				LastUpgradeCheck = 1540;
				TargetAttributes = {
					BE742FA22C7BE85600E9AD12 = {
						CreatedOnToolsVersion = 15.4;
					};
				};
			};
			buildConfigurationList = BE742F9E2C7BE85600E9AD12 /* Build configuration list for PBXProject "RememberMyBirthday" */;
			compatibilityVersion = "Xcode 14.0";
			developmentRegion = en;
			hasScannedForEncodings = 0;
			knownRegions = (
				en,
				Base,
			);
			mainGroup = BE742F9A2C7BE85600E9AD12;
			productRefGroup = BE742FA42C7BE85600E9AD12 /* Products */;
			projectDirPath = "";
			projectRoot = "";
			targets = (
				BE742FA22C7BE85600E9AD12 /* RememberMyBirthday */,
			);
		};
/* End PBXProject section */

/* Begin PBXResourcesBuildPhase section */
		BE742FA12C7BE85600E9AD12 /* Resources */ = {
			isa = PBXResourcesBuildPhase;
			buildActionMask = 2147483647;
			files = (
				BE742FB32C7BE85800E9AD12 /* Assets.xcassets in Resources */,
				BE742FB62C7BE85800E9AD12 /* Base in Resources */,
				BE742FAE2C7BE85600E9AD12 /* Base in Resources */,
			);
			runOnlyForDeploymentPostprocessing = 0;
		};
/* End PBXResourcesBuildPhase section */

/* Begin PBXSourcesBuildPhase section */
		BE742F9F2C7BE85600E9AD12 /* Sources */ = {
			isa = PBXSourcesBuildPhase;
			buildActionMask = 2147483647;
			files = (
				BE742FAB2C7BE85600E9AD12 /* ViewController.swift in Sources */,
				BE742FA72C7BE85600E9AD12 /* AppDelegate.swift in Sources */,
				BE742FA92C7BE85600E9AD12 /* SceneDelegate.swift in Sources */,
				BE742FB12C7BE85600E9AD12 /* RememberMyBirthday.xcdatamodeld in Sources */,
			);
			runOnlyForDeploymentPostprocessing = 0;
		};
/* End PBXSourcesBuildPhase section */

/* Begin PBXVariantGroup section */
		BE742FAC2C7BE85600E9AD12 /* Main.storyboard */ = {
			isa = PBXVariantGroup;
			children = (
				BE742FAD2C7BE85600E9AD12 /* Base */,
			);
			name = Main.storyboard;
			sourceTree = "<group>";
		};
		BE742FB42C7BE85800E9AD12 /* LaunchScreen.storyboard */ = {
			isa = PBXVariantGroup;
			children = (
				BE742FB52C7BE85800E9AD12 /* Base */,
			);
			name = LaunchScreen.storyboard;
			sourceTree = "<group>";
		};
/* End PBXVariantGroup section */

/* Begin XCBuildConfiguration section */
		BE742FB82C7BE85800E9AD12 /* Debug */ = {
			isa = XCBuildConfiguration;
			buildSettings = {
				ALWAYS_SEARCH_USER_PATHS = NO;
				ASSETCATALOG_COMPILER_GENERATE_SWIFT_ASSET_SYMBOL_EXTENSIONS = YES;
				CLANG_ANALYZER_NONNULL = YES;
				CLANG_ANALYZER_NUMBER_OBJECT_CONVERSION = YES_AGGRESSIVE;
				CLANG_CXX_LANGUAGE_STANDARD = "gnu++20";
				CLANG_ENABLE_MODULES = YES;
				CLANG_ENABLE_OBJC_ARC = YES;
				CLANG_ENABLE_OBJC_WEAK = YES;
				CLANG_WARN_BLOCK_CAPTURE_AUTORELEASING = YES;
				CLANG_WARN_BOOL_CONVERSION = YES;
				CLANG_WARN_COMMA = YES;
				CLANG_WARN_CONSTANT_CONVERSION = YES;
				CLANG_WARN_DEPRECATED_OBJC_IMPLEMENTATIONS = YES;
				CLANG_WARN_DIRECT_OBJC_ISA_USAGE = YES_ERROR;
				CLANG_WARN_DOCUMENTATION_COMMENTS = YES;
				CLANG_WARN_EMPTY_BODY = YES;
				CLANG_WARN_ENUM_CONVERSION = YES;
				CLANG_WARN_INFINITE_RECURSION = YES;
				CLANG_WARN_INT_CONVERSION = YES;
				CLANG_WARN_NON_LITERAL_NULL_CONVERSION = YES;
				CLANG_WARN_OBJC_IMPLICIT_RETAIN_SELF = YES;
				CLANG_WARN_OBJC_LITERAL_CONVERSION = YES;
				CLANG_WARN_OBJC_ROOT_CLASS = YES_ERROR;
				CLANG_WARN_QUOTED_INCLUDE_IN_FRAMEWORK_HEADER = YES;
				CLANG_WARN_RANGE_LOOP_ANALYSIS = YES;
				CLANG_WARN_STRICT_PROTOTYPES = YES;
				CLANG_WARN_SUSPICIOUS_MOVE = YES;
				CLANG_WARN_UNGUARDED_AVAILABILITY = YES_AGGRESSIVE;
				CLANG_WARN_UNREACHABLE_CODE = YES;
				CLANG_WARN__DUPLICATE_METHOD_MATCH = YES;
				COPY_PHASE_STRIP = NO;
				DEBUG_INFORMATION_FORMAT = dwarf;
				ENABLE_STRICT_OBJC_MSGSEND = YES;
				ENABLE_TESTABILITY = YES;
				ENABLE_USER_SCRIPT_SANDBOXING = YES;
				GCC_C_LANGUAGE_STANDARD = gnu17;
				GCC_DYNAMIC_NO_PIC = NO;
				GCC_NO_COMMON_BLOCKS = YES;
				GCC_OPTIMIZATION_LEVEL = 0;
				GCC_PREPROCESSOR_DEFINITIONS = (
					"DEBUG=1",
					"$(inherited)",
				);
				GCC_WARN_64_TO_32_BIT_CONVERSION = YES;
				GCC_WARN_ABOUT_RETURN_TYPE = YES_ERROR;
				GCC_WARN_UNDECLARED_SELECTOR = YES;
				GCC_WARN_UNINITIALIZED_AUTOS = YES_AGGRESSIVE;
				GCC_WARN_UNUSED_FUNCTION = YES;
				GCC_WARN_UNUSED_VARIABLE = YES;
				IPHONEOS_DEPLOYMENT_TARGET = 17.5;
				LOCALIZATION_PREFERS_STRING_CATALOGS = YES;
				MTL_ENABLE_DEBUG_INFO = INCLUDE_SOURCE;
				MTL_FAST_MATH = YES;
				ONLY_ACTIVE_ARCH = YES;
				SDKROOT = iphoneos;
				SWIFT_ACTIVE_COMPILATION_CONDITIONS = "DEBUG $(inherited)";
				SWIFT_OPTIMIZATION_LEVEL = "-Onone";
			};
			name = Debug;
		};
		BE742FB92C7BE85800E9AD12 /* Release */ = {
			isa = XCBuildConfiguration;
			buildSettings = {
				ALWAYS_SEARCH_USER_PATHS = NO;
				ASSETCATALOG_COMPILER_GENERATE_SWIFT_ASSET_SYMBOL_EXTENSIONS = YES;
				CLANG_ANALYZER_NONNULL = YES;
				CLANG_ANALYZER_NUMBER_OBJECT_CONVERSION = YES_AGGRESSIVE;
				CLANG_CXX_LANGUAGE_STANDARD = "gnu++20";
				CLANG_ENABLE_MODULES = YES;
				CLANG_ENABLE_OBJC_ARC = YES;
				CLANG_ENABLE_OBJC_WEAK = YES;
				CLANG_WARN_BLOCK_CAPTURE_AUTORELEASING = YES;
				CLANG_WARN_BOOL_CONVERSION = YES;
				CLANG_WARN_COMMA = YES;
				CLANG_WARN_CONSTANT_CONVERSION = YES;
				CLANG_WARN_DEPRECATED_OBJC_IMPLEMENTATIONS = YES;
				CLANG_WARN_DIRECT_OBJC_ISA_USAGE = YES_ERROR;
				CLANG_WARN_DOCUMENTATION_COMMENTS = YES;
				CLANG_WARN_EMPTY_BODY = YES;
				CLANG_WARN_ENUM_CONVERSION = YES;
				CLANG_WARN_INFINITE_RECURSION = YES;
				CLANG_WARN_INT_CONVERSION = YES;
				CLANG_WARN_NON_LITERAL_NULL_CONVERSION = YES;
				CLANG_WARN_OBJC_IMPLICIT_RETAIN_SELF = YES;
				CLANG_WARN_OBJC_LITERAL_CONVERSION = YES;
				CLANG_WARN_OBJC_ROOT_CLASS = YES_ERROR;
				CLANG_WARN_QUOTED_INCLUDE_IN_FRAMEWORK_HEADER = YES;
				CLANG_WARN_RANGE_LOOP_ANALYSIS = YES;
				CLANG_WARN_STRICT_PROTOTYPES = YES;
				CLANG_WARN_SUSPICIOUS_MOVE = YES;
				CLANG_WARN_UNGUARDED_AVAILABILITY = YES_AGGRESSIVE;
				CLANG_WARN_UNREACHABLE_CODE = YES;
				CLANG_WARN__DUPLICATE_METHOD_MATCH = YES;
				COPY_PHASE_STRIP = NO;
				DEBUG_INFORMATION_FORMAT = "dwarf-with-dsym";
				ENABLE_NS_ASSERTIONS = NO;
				ENABLE_STRICT_OBJC_MSGSEND = YES;
				ENABLE_USER_SCRIPT_SANDBOXING = YES;
				GCC_C_LANGUAGE_STANDARD = gnu17;
				GCC_NO_COMMON_BLOCKS = YES;
				GCC_WARN_64_TO_32_BIT_CONVERSION = YES;
				GCC_WARN_ABOUT_RETURN_TYPE = YES_ERROR;
				GCC_WARN_UNDECLARED_SELECTOR = YES;
				GCC_WARN_UNINITIALIZED_AUTOS = YES_AGGRESSIVE;
				GCC_WARN_UNUSED_FUNCTION = YES;
				GCC_WARN_UNUSED_VARIABLE = YES;
				IPHONEOS_DEPLOYMENT_TARGET = 17.5;
				LOCALIZATION_PREFERS_STRING_CATALOGS = YES;
				MTL_ENABLE_DEBUG_INFO = NO;
				MTL_FAST_MATH = YES;
				SDKROOT = iphoneos;
				SWIFT_COMPILATION_MODE = wholemodule;
				VALIDATE_PRODUCT = YES;
			};
			name = Release;
		};
		BE742FBB2C7BE85800E9AD12 /* Debug */ = {
			isa = XCBuildConfiguration;
			buildSettings = {
				ASSETCATALOG_COMPILER_APPICON_NAME = AppIcon;
				ASSETCATALOG_COMPILER_GLOBAL_ACCENT_COLOR_NAME = AccentColor;
				CODE_SIGN_STYLE = Automatic;
				CURRENT_PROJECT_VERSION = 1;
				DEVELOPMENT_TEAM = XBP7AFBL59;
				GENERATE_INFOPLIST_FILE = YES;
				INFOPLIST_FILE = RememberMyBirthday/Info.plist;
				INFOPLIST_KEY_CFBundleDisplayName = Birthday;
				INFOPLIST_KEY_UIApplicationSupportsIndirectInputEvents = YES;
				INFOPLIST_KEY_UILaunchStoryboardName = LaunchScreen;
				INFOPLIST_KEY_UIMainStoryboardFile = Main;
				INFOPLIST_KEY_UISupportedInterfaceOrientations = UIInterfaceOrientationPortrait;
				LD_RUNPATH_SEARCH_PATHS = (
					"$(inherited)",
					"@executable_path/Frameworks",
				);
				MARKETING_VERSION = 1.0;
				PRODUCT_BUNDLE_IDENTIFIER = lailaisgames.RememberMyBirthday;
				PRODUCT_NAME = "$(TARGET_NAME)";
				SWIFT_EMIT_LOC_STRINGS = YES;
				SWIFT_VERSION = 5.0;
				TARGETED_DEVICE_FAMILY = "1,2";
			};
			name = Debug;
		};
		BE742FBC2C7BE85800E9AD12 /* Release */ = {
			isa = XCBuildConfiguration;
			buildSettings = {
				ASSETCATALOG_COMPILER_APPICON_NAME = AppIcon;
				ASSETCATALOG_COMPILER_GLOBAL_ACCENT_COLOR_NAME = AccentColor;
				CODE_SIGN_STYLE = Automatic;
				CURRENT_PROJECT_VERSION = 1;
				DEVELOPMENT_TEAM = XBP7AFBL59;
				GENERATE_INFOPLIST_FILE = YES;
				INFOPLIST_FILE = RememberMyBirthday/Info.plist;
				INFOPLIST_KEY_CFBundleDisplayName = Birthday;
				INFOPLIST_KEY_UIApplicationSupportsIndirectInputEvents = YES;
				INFOPLIST_KEY_UILaunchStoryboardName = LaunchScreen;
				INFOPLIST_KEY_UIMainStoryboardFile = Main;
				INFOPLIST_KEY_UISupportedInterfaceOrientations = UIInterfaceOrientationPortrait;
				LD_RUNPATH_SEARCH_PATHS = (
					"$(inherited)",
					"@executable_path/Frameworks",
				);
				MARKETING_VERSION = 1.0;
				PRODUCT_BUNDLE_IDENTIFIER = lailaisgames.RememberMyBirthday;
				PRODUCT_NAME = "$(TARGET_NAME)";
				SWIFT_EMIT_LOC_STRINGS = YES;
				SWIFT_VERSION = 5.0;
				TARGETED_DEVICE_FAMILY = "1,2";
			};
			name = Release;
		};
/* End XCBuildConfiguration section */

/* Begin XCConfigurationList section */
		BE742F9E2C7BE85600E9AD12 /* Build configuration list for PBXProject "RememberMyBirthday" */ = {
			isa = XCConfigurationList;
			buildConfigurations = (
				BE742FB82C7BE85800E9AD12 /* Debug */,
				BE742FB92C7BE85800E9AD12 /* Release */,
			);
			defaultConfigurationIsVisible = 0;
			defaultConfigurationName = Release;
		};
		BE742FBA2C7BE85800E9AD12 /* Build configuration list for PBXNativeTarget "RememberMyBirthday" */ = {
			isa = XCConfigurationList;
			buildConfigurations = (
				BE742FBB2C7BE85800E9AD12 /* Debug */,
				BE742FBC2C7BE85800E9AD12 /* Release */,
			);
			defaultConfigurationIsVisible = 0;
			defaultConfigurationName = Release;
		};
/* End XCConfigurationList section */

/* Begin XCVersionGroup section */
		BE742FAF2C7BE85600E9AD12 /* RememberMyBirthday.xcdatamodeld */ = {
			isa = XCVersionGroup;
			children = (
				BE742FB02C7BE85600E9AD12 /* RememberMyBirthday.xcdatamodel */,
			);
			currentVersion = BE742FB02C7BE85600E9AD12 /* RememberMyBirthday.xcdatamodel */;
			path = RememberMyBirthday.xcdatamodeld;
			sourceTree = "<group>";
			versionGroupType = wrapper.xcdatamodel;
		};
/* End XCVersionGroup section */
	};
	rootObject = BE742F9B2C7BE85600E9AD12 /* Project object */;
}
