// !$*UTF8*$!
{
	archiveVersion = 1;
	classes = {
	};
	objectVersion = 56;
	objects = {

/* Begin PBXBuildFile section */
		BE2E69452BB127370046B36B /* InternalView.swift in Sources */ = {isa = PBXBuildFile; fileRef = BE2E69442BB127370046B36B /* InternalView.swift */; };
		BE2E69472BB1358C0046B36B /* HomeView.swift in Sources */ = {isa = PBXBuildFile; fileRef = BE2E69462BB1358C0046B36B /* HomeView.swift */; };
		BE2E69492BB136200046B36B /* Data.swift in Sources */ = {isa = PBXBuildFile; fileRef = BE2E69482BB136200046B36B /* Data.swift */; };
		BE2E694B2BB136D60046B36B /* StoryView.swift in Sources */ = {isa = PBXBuildFile; fileRef = BE2E694A2BB136D60046B36B /* StoryView.swift */; };
		BE2E694D2BB137400046B36B /* FavoritesView.swift in Sources */ = {isa = PBXBuildFile; fileRef = BE2E694C2BB137400046B36B /* FavoritesView.swift */; };
		BE2E694F2BB137620046B36B /* FunFactsView.swift in Sources */ = {isa = PBXBuildFile; fileRef = BE2E694E2BB137620046B36B /* FunFactsView.swift */; };
		BE2E69512BB138C80046B36B /* NetflixView.swift in Sources */ = {isa = PBXBuildFile; fileRef = BE2E69502BB138C80046B36B /* NetflixView.swift */; };
		BEA4CD562BB088D00030C44E /* ChatPrototypeApp.swift in Sources */ = {isa = PBXBuildFile; fileRef = BEA4CD552BB088D00030C44E /* ChatPrototypeApp.swift */; };
		BEA4CD582BB088D00030C44E /* ContentView.swift in Sources */ = {isa = PBXBuildFile; fileRef = BEA4CD572BB088D00030C44E /* ContentView.swift */; };
		BEA4CD5A2BB088D20030C44E /* Assets.xcassets in Resources */ = {isa = PBXBuildFile; fileRef = BEA4CD592BB088D20030C44E /* Assets.xcassets */; };
		BEA4CD5D2BB088D20030C44E /* Preview Assets.xcassets in Resources */ = {isa = PBXBuildFile; fileRef = BEA4CD5C2BB088D20030C44E /* Preview Assets.xcassets */; };
		BEA4CD672BB088D30030C44E /* ChatPrototypeTests.swift in Sources */ = {isa = PBXBuildFile; fileRef = BEA4CD662BB088D30030C44E /* ChatPrototypeTests.swift */; };
		BEA4CD712BB088D30030C44E /* ChatPrototypeUITests.swift in Sources */ = {isa = PBXBuildFile; fileRef = BEA4CD702BB088D30030C44E /* ChatPrototypeUITests.swift */; };
		BEA4CD732BB088D30030C44E /* ChatPrototypeUITestsLaunchTests.swift in Sources */ = {isa = PBXBuildFile; fileRef = BEA4CD722BB088D30030C44E /* ChatPrototypeUITestsLaunchTests.swift */; };
/* End PBXBuildFile section */

/* Begin PBXContainerItemProxy section */
		BEA4CD632BB088D30030C44E /* PBXContainerItemProxy */ = {
			isa = PBXContainerItemProxy;
			containerPortal = BEA4CD4A2BB088D00030C44E /* Project object */;
			proxyType = 1;
			remoteGlobalIDString = BEA4CD512BB088D00030C44E;
			remoteInfo = ChatPrototype;
		};
		BEA4CD6D2BB088D30030C44E /* PBXContainerItemProxy */ = {
			isa = PBXContainerItemProxy;
			containerPortal = BEA4CD4A2BB088D00030C44E /* Project object */;
			proxyType = 1;
			remoteGlobalIDString = BEA4CD512BB088D00030C44E;
			remoteInfo = ChatPrototype;
		};
/* End PBXContainerItemProxy section */

/* Begin PBXFileReference section */
		BE2E69442BB127370046B36B /* InternalView.swift */ = {isa = PBXFileReference; lastKnownFileType = sourcecode.swift; path = InternalView.swift; sourceTree = "<group>"; };
		BE2E69462BB1358C0046B36B /* HomeView.swift */ = {isa = PBXFileReference; lastKnownFileType = sourcecode.swift; path = HomeView.swift; sourceTree = "<group>"; };
		BE2E69482BB136200046B36B /* Data.swift */ = {isa = PBXFileReference; lastKnownFileType = sourcecode.swift; path = Data.swift; sourceTree = "<group>"; };
		BE2E694A2BB136D60046B36B /* StoryView.swift */ = {isa = PBXFileReference; lastKnownFileType = sourcecode.swift; path = StoryView.swift; sourceTree = "<group>"; };
		BE2E694C2BB137400046B36B /* FavoritesView.swift */ = {isa = PBXFileReference; lastKnownFileType = sourcecode.swift; path = FavoritesView.swift; sourceTree = "<group>"; };
		BE2E694E2BB137620046B36B /* FunFactsView.swift */ = {isa = PBXFileReference; lastKnownFileType = sourcecode.swift; path = FunFactsView.swift; sourceTree = "<group>"; };
		BE2E69502BB138C80046B36B /* NetflixView.swift */ = {isa = PBXFileReference; lastKnownFileType = sourcecode.swift; path = NetflixView.swift; sourceTree = "<group>"; };
		BEA4CD522BB088D00030C44E /* ChatPrototype.app */ = {isa = PBXFileReference; explicitFileType = wrapper.application; includeInIndex = 0; path = ChatPrototype.app; sourceTree = BUILT_PRODUCTS_DIR; };
		BEA4CD552BB088D00030C44E /* ChatPrototypeApp.swift */ = {isa = PBXFileReference; lastKnownFileType = sourcecode.swift; path = ChatPrototypeApp.swift; sourceTree = "<group>"; };
		BEA4CD572BB088D00030C44E /* ContentView.swift */ = {isa = PBXFileReference; lastKnownFileType = sourcecode.swift; path = ContentView.swift; sourceTree = "<group>"; };
		BEA4CD592BB088D20030C44E /* Assets.xcassets */ = {isa = PBXFileReference; lastKnownFileType = folder.assetcatalog; path = Assets.xcassets; sourceTree = "<group>"; };
		BEA4CD5C2BB088D20030C44E /* Preview Assets.xcassets */ = {isa = PBXFileReference; lastKnownFileType = folder.assetcatalog; path = "Preview Assets.xcassets"; sourceTree = "<group>"; };
		BEA4CD622BB088D30030C44E /* ChatPrototypeTests.xctest */ = {isa = PBXFileReference; explicitFileType = wrapper.cfbundle; includeInIndex = 0; path = ChatPrototypeTests.xctest; sourceTree = BUILT_PRODUCTS_DIR; };
		BEA4CD662BB088D30030C44E /* ChatPrototypeTests.swift */ = {isa = PBXFileReference; lastKnownFileType = sourcecode.swift; path = ChatPrototypeTests.swift; sourceTree = "<group>"; };
		BEA4CD6C2BB088D30030C44E /* ChatPrototypeUITests.xctest */ = {isa = PBXFileReference; explicitFileType = wrapper.cfbundle; includeInIndex = 0; path = ChatPrototypeUITests.xctest; sourceTree = BUILT_PRODUCTS_DIR; };
		BEA4CD702BB088D30030C44E /* ChatPrototypeUITests.swift */ = {isa = PBXFileReference; lastKnownFileType = sourcecode.swift; path = ChatPrototypeUITests.swift; sourceTree = "<group>"; };
		BEA4CD722BB088D30030C44E /* ChatPrototypeUITestsLaunchTests.swift */ = {isa = PBXFileReference; lastKnownFileType = sourcecode.swift; path = ChatPrototypeUITestsLaunchTests.swift; sourceTree = "<group>"; };
/* End PBXFileReference section */

/* Begin PBXFrameworksBuildPhase section */
		BEA4CD4F2BB088D00030C44E /* Frameworks */ = {
			isa = PBXFrameworksBuildPhase;
			buildActionMask = 2147483647;
			files = (
			);
			runOnlyForDeploymentPostprocessing = 0;
		};
		BEA4CD5F2BB088D30030C44E /* Frameworks */ = {
			isa = PBXFrameworksBuildPhase;
			buildActionMask = 2147483647;
			files = (
			);
			runOnlyForDeploymentPostprocessing = 0;
		};
		BEA4CD692BB088D30030C44E /* Frameworks */ = {
			isa = PBXFrameworksBuildPhase;
			buildActionMask = 2147483647;
			files = (
			);
			runOnlyForDeploymentPostprocessing = 0;
		};
/* End PBXFrameworksBuildPhase section */

/* Begin PBXGroup section */
		BEA4CD492BB088D00030C44E = {
			isa = PBXGroup;
			children = (
				BEA4CD542BB088D00030C44E /* ChatPrototype */,
				BEA4CD652BB088D30030C44E /* ChatPrototypeTests */,
				BEA4CD6F2BB088D30030C44E /* ChatPrototypeUITests */,
				BEA4CD532BB088D00030C44E /* Products */,
			);
			sourceTree = "<group>";
		};
		BEA4CD532BB088D00030C44E /* Products */ = {
			isa = PBXGroup;
			children = (
				BEA4CD522BB088D00030C44E /* ChatPrototype.app */,
				BEA4CD622BB088D30030C44E /* ChatPrototypeTests.xctest */,
				BEA4CD6C2BB088D30030C44E /* ChatPrototypeUITests.xctest */,
			);
			name = Products;
			sourceTree = "<group>";
		};
		BEA4CD542BB088D00030C44E /* ChatPrototype */ = {
			isa = PBXGroup;
			children = (
				BEA4CD552BB088D00030C44E /* ChatPrototypeApp.swift */,
				BEA4CD572BB088D00030C44E /* ContentView.swift */,
				BEA4CD592BB088D20030C44E /* Assets.xcassets */,
				BEA4CD5B2BB088D20030C44E /* Preview Content */,
				BE2E69442BB127370046B36B /* InternalView.swift */,
				BE2E69462BB1358C0046B36B /* HomeView.swift */,
				BE2E69482BB136200046B36B /* Data.swift */,
				BE2E694A2BB136D60046B36B /* StoryView.swift */,
				BE2E694C2BB137400046B36B /* FavoritesView.swift */,
				BE2E694E2BB137620046B36B /* FunFactsView.swift */,
				BE2E69502BB138C80046B36B /* NetflixView.swift */,
			);
			path = ChatPrototype;
			sourceTree = "<group>";
		};
		BEA4CD5B2BB088D20030C44E /* Preview Content */ = {
			isa = PBXGroup;
			children = (
				BEA4CD5C2BB088D20030C44E /* Preview Assets.xcassets */,
			);
			path = "Preview Content";
			sourceTree = "<group>";
		};
		BEA4CD652BB088D30030C44E /* ChatPrototypeTests */ = {
			isa = PBXGroup;
			children = (
				BEA4CD662BB088D30030C44E /* ChatPrototypeTests.swift */,
			);
			path = ChatPrototypeTests;
			sourceTree = "<group>";
		};
		BEA4CD6F2BB088D30030C44E /* ChatPrototypeUITests */ = {
			isa = PBXGroup;
			children = (
				BEA4CD702BB088D30030C44E /* ChatPrototypeUITests.swift */,
				BEA4CD722BB088D30030C44E /* ChatPrototypeUITestsLaunchTests.swift */,
			);
			path = ChatPrototypeUITests;
			sourceTree = "<group>";
		};
/* End PBXGroup section */

/* Begin PBXNativeTarget section */
		BEA4CD512BB088D00030C44E /* ChatPrototype */ = {
			isa = PBXNativeTarget;
			buildConfigurationList = BEA4CD762BB088D30030C44E /* Build configuration list for PBXNativeTarget "ChatPrototype" */;
			buildPhases = (
				BEA4CD4E2BB088D00030C44E /* Sources */,
				BEA4CD4F2BB088D00030C44E /* Frameworks */,
				BEA4CD502BB088D00030C44E /* Resources */,
			);
			buildRules = (
			);
			dependencies = (
			);
			name = ChatPrototype;
			productName = ChatPrototype;
			productReference = BEA4CD522BB088D00030C44E /* ChatPrototype.app */;
			productType = "com.apple.product-type.application";
		};
		BEA4CD612BB088D30030C44E /* ChatPrototypeTests */ = {
			isa = PBXNativeTarget;
			buildConfigurationList = BEA4CD792BB088D30030C44E /* Build configuration list for PBXNativeTarget "ChatPrototypeTests" */;
			buildPhases = (
				BEA4CD5E2BB088D30030C44E /* Sources */,
				BEA4CD5F2BB088D30030C44E /* Frameworks */,
				BEA4CD602BB088D30030C44E /* Resources */,
			);
			buildRules = (
			);
			dependencies = (
				BEA4CD642BB088D30030C44E /* PBXTargetDependency */,
			);
			name = ChatPrototypeTests;
			productName = ChatPrototypeTests;
			productReference = BEA4CD622BB088D30030C44E /* ChatPrototypeTests.xctest */;
			productType = "com.apple.product-type.bundle.unit-test";
		};
		BEA4CD6B2BB088D30030C44E /* ChatPrototypeUITests */ = {
			isa = PBXNativeTarget;
			buildConfigurationList = BEA4CD7C2BB088D30030C44E /* Build configuration list for PBXNativeTarget "ChatPrototypeUITests" */;
			buildPhases = (
				BEA4CD682BB088D30030C44E /* Sources */,
				BEA4CD692BB088D30030C44E /* Frameworks */,
				BEA4CD6A2BB088D30030C44E /* Resources */,
			);
			buildRules = (
			);
			dependencies = (
				BEA4CD6E2BB088D30030C44E /* PBXTargetDependency */,
			);
			name = ChatPrototypeUITests;
			productName = ChatPrototypeUITests;
			productReference = BEA4CD6C2BB088D30030C44E /* ChatPrototypeUITests.xctest */;
			productType = "com.apple.product-type.bundle.ui-testing";
		};
/* End PBXNativeTarget section */

/* Begin PBXProject section */
		BEA4CD4A2BB088D00030C44E /* Project object */ = {
			isa = PBXProject;
			attributes = {
				BuildIndependentTargetsInParallel = 1;
				LastSwiftUpdateCheck = 1520;
				LastUpgradeCheck = 1520;
				TargetAttributes = {
					BEA4CD512BB088D00030C44E = {
						CreatedOnToolsVersion = 15.2;
					};
					BEA4CD612BB088D30030C44E = {
						CreatedOnToolsVersion = 15.2;
						TestTargetID = BEA4CD512BB088D00030C44E;
					};
					BEA4CD6B2BB088D30030C44E = {
						CreatedOnToolsVersion = 15.2;
						TestTargetID = BEA4CD512BB088D00030C44E;
					};
				};
			};
			buildConfigurationList = BEA4CD4D2BB088D00030C44E /* Build configuration list for PBXProject "ChatPrototype" */;
			compatibilityVersion = "Xcode 14.0";
			developmentRegion = en;
			hasScannedForEncodings = 0;
			knownRegions = (
				en,
				Base,
			);
			mainGroup = BEA4CD492BB088D00030C44E;
			productRefGroup = BEA4CD532BB088D00030C44E /* Products */;
			projectDirPath = "";
			projectRoot = "";
			targets = (
				BEA4CD512BB088D00030C44E /* ChatPrototype */,
				BEA4CD612BB088D30030C44E /* ChatPrototypeTests */,
				BEA4CD6B2BB088D30030C44E /* ChatPrototypeUITests */,
			);
		};
/* End PBXProject section */

/* Begin PBXResourcesBuildPhase section */
		BEA4CD502BB088D00030C44E /* Resources */ = {
			isa = PBXResourcesBuildPhase;
			buildActionMask = 2147483647;
			files = (
				BEA4CD5D2BB088D20030C44E /* Preview Assets.xcassets in Resources */,
				BEA4CD5A2BB088D20030C44E /* Assets.xcassets in Resources */,
			);
			runOnlyForDeploymentPostprocessing = 0;
		};
		BEA4CD602BB088D30030C44E /* Resources */ = {
			isa = PBXResourcesBuildPhase;
			buildActionMask = 2147483647;
			files = (
			);
			runOnlyForDeploymentPostprocessing = 0;
		};
		BEA4CD6A2BB088D30030C44E /* Resources */ = {
			isa = PBXResourcesBuildPhase;
			buildActionMask = 2147483647;
			files = (
			);
			runOnlyForDeploymentPostprocessing = 0;
		};
/* End PBXResourcesBuildPhase section */

/* Begin PBXSourcesBuildPhase section */
		BEA4CD4E2BB088D00030C44E /* Sources */ = {
			isa = PBXSourcesBuildPhase;
			buildActionMask = 2147483647;
			files = (
				BE2E69512BB138C80046B36B /* NetflixView.swift in Sources */,
				BE2E694B2BB136D60046B36B /* StoryView.swift in Sources */,
				BE2E69452BB127370046B36B /* InternalView.swift in Sources */,
				BE2E694F2BB137620046B36B /* FunFactsView.swift in Sources */,
				BE2E69492BB136200046B36B /* Data.swift in Sources */,
				BE2E69472BB1358C0046B36B /* HomeView.swift in Sources */,
				BE2E694D2BB137400046B36B /* FavoritesView.swift in Sources */,
				BEA4CD582BB088D00030C44E /* ContentView.swift in Sources */,
				BEA4CD562BB088D00030C44E /* ChatPrototypeApp.swift in Sources */,
			);
			runOnlyForDeploymentPostprocessing = 0;
		};
		BEA4CD5E2BB088D30030C44E /* Sources */ = {
			isa = PBXSourcesBuildPhase;
			buildActionMask = 2147483647;
			files = (
				BEA4CD672BB088D30030C44E /* ChatPrototypeTests.swift in Sources */,
			);
			runOnlyForDeploymentPostprocessing = 0;
		};
		BEA4CD682BB088D30030C44E /* Sources */ = {
			isa = PBXSourcesBuildPhase;
			buildActionMask = 2147483647;
			files = (
				BEA4CD712BB088D30030C44E /* ChatPrototypeUITests.swift in Sources */,
				BEA4CD732BB088D30030C44E /* ChatPrototypeUITestsLaunchTests.swift in Sources */,
			);
			runOnlyForDeploymentPostprocessing = 0;
		};
/* End PBXSourcesBuildPhase section */

/* Begin PBXTargetDependency section */
		BEA4CD642BB088D30030C44E /* PBXTargetDependency */ = {
			isa = PBXTargetDependency;
			target = BEA4CD512BB088D00030C44E /* ChatPrototype */;
			targetProxy = BEA4CD632BB088D30030C44E /* PBXContainerItemProxy */;
		};
		BEA4CD6E2BB088D30030C44E /* PBXTargetDependency */ = {
			isa = PBXTargetDependency;
			target = BEA4CD512BB088D00030C44E /* ChatPrototype */;
			targetProxy = BEA4CD6D2BB088D30030C44E /* PBXContainerItemProxy */;
		};
/* End PBXTargetDependency section */

/* Begin XCBuildConfiguration section */
		BEA4CD742BB088D30030C44E /* Debug */ = {
			isa = XCBuildConfiguration;
			buildSettings = {
				ALWAYS_SEARCH_USER_PATHS = NO;
				ASSETCATALOG_COMPILER_GENERATE_SWIFT_ASSET_SYMBOL_EXTENSIONS = YES;
				CLANG_ANALYZER_NONNULL = YES;
				CLANG_ANALYZER_NUMBER_OBJECT_CONVERSION = YES_AGGRESSIVE;
				CLANG_CXX_LANGUAGE_STANDARD = "gnu++20";
				CLANG_ENABLE_MODULES = YES;
				CLANG_ENABLE_OBJC_ARC = YES;
				CLANG_ENABLE_OBJC_WEAK = YES;
				CLANG_WARN_BLOCK_CAPTURE_AUTORELEASING = YES;
				CLANG_WARN_BOOL_CONVERSION = YES;
				CLANG_WARN_COMMA = YES;
				CLANG_WARN_CONSTANT_CONVERSION = YES;
				CLANG_WARN_DEPRECATED_OBJC_IMPLEMENTATIONS = YES;
				CLANG_WARN_DIRECT_OBJC_ISA_USAGE = YES_ERROR;
				CLANG_WARN_DOCUMENTATION_COMMENTS = YES;
				CLANG_WARN_EMPTY_BODY = YES;
				CLANG_WARN_ENUM_CONVERSION = YES;
				CLANG_WARN_INFINITE_RECURSION = YES;
				CLANG_WARN_INT_CONVERSION = YES;
				CLANG_WARN_NON_LITERAL_NULL_CONVERSION = YES;
				CLANG_WARN_OBJC_IMPLICIT_RETAIN_SELF = YES;
				CLANG_WARN_OBJC_LITERAL_CONVERSION = YES;
				CLANG_WARN_OBJC_ROOT_CLASS = YES_ERROR;
				CLANG_WARN_QUOTED_INCLUDE_IN_FRAMEWORK_HEADER = YES;
				CLANG_WARN_RANGE_LOOP_ANALYSIS = YES;
				CLANG_WARN_STRICT_PROTOTYPES = YES;
				CLANG_WARN_SUSPICIOUS_MOVE = YES;
				CLANG_WARN_UNGUARDED_AVAILABILITY = YES_AGGRESSIVE;
				CLANG_WARN_UNREACHABLE_CODE = YES;
				CLANG_WARN__DUPLICATE_METHOD_MATCH = YES;
				COPY_PHASE_STRIP = NO;
				DEBUG_INFORMATION_FORMAT = dwarf;
				ENABLE_STRICT_OBJC_MSGSEND = YES;
				ENABLE_TESTABILITY = YES;
				ENABLE_USER_SCRIPT_SANDBOXING = YES;
				GCC_C_LANGUAGE_STANDARD = gnu17;
				GCC_DYNAMIC_NO_PIC = NO;
				GCC_NO_COMMON_BLOCKS = YES;
				GCC_OPTIMIZATION_LEVEL = 0;
				GCC_PREPROCESSOR_DEFINITIONS = (
					"DEBUG=1",
					"$(inherited)",
				);
				GCC_WARN_64_TO_32_BIT_CONVERSION = YES;
				GCC_WARN_ABOUT_RETURN_TYPE = YES_ERROR;
				GCC_WARN_UNDECLARED_SELECTOR = YES;
				GCC_WARN_UNINITIALIZED_AUTOS = YES_AGGRESSIVE;
				GCC_WARN_UNUSED_FUNCTION = YES;
				GCC_WARN_UNUSED_VARIABLE = YES;
				IPHONEOS_DEPLOYMENT_TARGET = 17.2;
				LOCALIZATION_PREFERS_STRING_CATALOGS = YES;
				MTL_ENABLE_DEBUG_INFO = INCLUDE_SOURCE;
				MTL_FAST_MATH = YES;
				ONLY_ACTIVE_ARCH = YES;
				SDKROOT = iphoneos;
				SWIFT_ACTIVE_COMPILATION_CONDITIONS = "DEBUG $(inherited)";
				SWIFT_OPTIMIZATION_LEVEL = "-Onone";
			};
			name = Debug;
		};
		BEA4CD752BB088D30030C44E /* Release */ = {
			isa = XCBuildConfiguration;
			buildSettings = {
				ALWAYS_SEARCH_USER_PATHS = NO;
				ASSETCATALOG_COMPILER_GENERATE_SWIFT_ASSET_SYMBOL_EXTENSIONS = YES;
				CLANG_ANALYZER_NONNULL = YES;
				CLANG_ANALYZER_NUMBER_OBJECT_CONVERSION = YES_AGGRESSIVE;
				CLANG_CXX_LANGUAGE_STANDARD = "gnu++20";
				CLANG_ENABLE_MODULES = YES;
				CLANG_ENABLE_OBJC_ARC = YES;
				CLANG_ENABLE_OBJC_WEAK = YES;
				CLANG_WARN_BLOCK_CAPTURE_AUTORELEASING = YES;
				CLANG_WARN_BOOL_CONVERSION = YES;
				CLANG_WARN_COMMA = YES;
				CLANG_WARN_CONSTANT_CONVERSION = YES;
				CLANG_WARN_DEPRECATED_OBJC_IMPLEMENTATIONS = YES;
				CLANG_WARN_DIRECT_OBJC_ISA_USAGE = YES_ERROR;
				CLANG_WARN_DOCUMENTATION_COMMENTS = YES;
				CLANG_WARN_EMPTY_BODY = YES;
				CLANG_WARN_ENUM_CONVERSION = YES;
				CLANG_WARN_INFINITE_RECURSION = YES;
				CLANG_WARN_INT_CONVERSION = YES;
				CLANG_WARN_NON_LITERAL_NULL_CONVERSION = YES;
				CLANG_WARN_OBJC_IMPLICIT_RETAIN_SELF = YES;
				CLANG_WARN_OBJC_LITERAL_CONVERSION = YES;
				CLANG_WARN_OBJC_ROOT_CLASS = YES_ERROR;
				CLANG_WARN_QUOTED_INCLUDE_IN_FRAMEWORK_HEADER = YES;
				CLANG_WARN_RANGE_LOOP_ANALYSIS = YES;
				CLANG_WARN_STRICT_PROTOTYPES = YES;
				CLANG_WARN_SUSPICIOUS_MOVE = YES;
				CLANG_WARN_UNGUARDED_AVAILABILITY = YES_AGGRESSIVE;
				CLANG_WARN_UNREACHABLE_CODE = YES;
				CLANG_WARN__DUPLICATE_METHOD_MATCH = YES;
				COPY_PHASE_STRIP = NO;
				DEBUG_INFORMATION_FORMAT = "dwarf-with-dsym";
				ENABLE_NS_ASSERTIONS = NO;
				ENABLE_STRICT_OBJC_MSGSEND = YES;
				ENABLE_USER_SCRIPT_SANDBOXING = YES;
				GCC_C_LANGUAGE_STANDARD = gnu17;
				GCC_NO_COMMON_BLOCKS = YES;
				GCC_WARN_64_TO_32_BIT_CONVERSION = YES;
				GCC_WARN_ABOUT_RETURN_TYPE = YES_ERROR;
				GCC_WARN_UNDECLARED_SELECTOR = YES;
				GCC_WARN_UNINITIALIZED_AUTOS = YES_AGGRESSIVE;
				GCC_WARN_UNUSED_FUNCTION = YES;
				GCC_WARN_UNUSED_VARIABLE = YES;
				IPHONEOS_DEPLOYMENT_TARGET = 17.2;
				LOCALIZATION_PREFERS_STRING_CATALOGS = YES;
				MTL_ENABLE_DEBUG_INFO = NO;
				MTL_FAST_MATH = YES;
				SDKROOT = iphoneos;
				SWIFT_COMPILATION_MODE = wholemodule;
				VALIDATE_PRODUCT = YES;
			};
			name = Release;
		};
		BEA4CD772BB088D30030C44E /* Debug */ = {
			isa = XCBuildConfiguration;
			buildSettings = {
				ASSETCATALOG_COMPILER_APPICON_NAME = AppIcon;
				ASSETCATALOG_COMPILER_GLOBAL_ACCENT_COLOR_NAME = AccentColor;
				CODE_SIGN_STYLE = Automatic;
				CURRENT_PROJECT_VERSION = 1;
				DEVELOPMENT_ASSET_PATHS = "\"ChatPrototype/Preview Content\"";
				ENABLE_PREVIEWS = YES;
				GENERATE_INFOPLIST_FILE = YES;
				INFOPLIST_KEY_UIApplicationSceneManifest_Generation = YES;
				INFOPLIST_KEY_UIApplicationSupportsIndirectInputEvents = YES;
				INFOPLIST_KEY_UILaunchScreen_Generation = YES;
				INFOPLIST_KEY_UISupportedInterfaceOrientations_iPad = "UIInterfaceOrientationPortrait UIInterfaceOrientationPortraitUpsideDown UIInterfaceOrientationLandscapeLeft UIInterfaceOrientationLandscapeRight";
				INFOPLIST_KEY_UISupportedInterfaceOrientations_iPhone = "UIInterfaceOrientationPortrait UIInterfaceOrientationLandscapeLeft UIInterfaceOrientationLandscapeRight";
				LD_RUNPATH_SEARCH_PATHS = (
					"$(inherited)",
					"@executable_path/Frameworks",
				);
				MARKETING_VERSION = 1.0;
				PRODUCT_BUNDLE_IDENTIFIER = lailaisgames.ChatPrototype;
				PRODUCT_NAME = "$(TARGET_NAME)";
				SWIFT_EMIT_LOC_STRINGS = YES;
				SWIFT_VERSION = 5.0;
				TARGETED_DEVICE_FAMILY = "1,2";
			};
			name = Debug;
		};
		BEA4CD782BB088D30030C44E /* Release */ = {
			isa = XCBuildConfiguration;
			buildSettings = {
				ASSETCATALOG_COMPILER_APPICON_NAME = AppIcon;
				ASSETCATALOG_COMPILER_GLOBAL_ACCENT_COLOR_NAME = AccentColor;
				CODE_SIGN_STYLE = Automatic;
				CURRENT_PROJECT_VERSION = 1;
				DEVELOPMENT_ASSET_PATHS = "\"ChatPrototype/Preview Content\"";
				ENABLE_PREVIEWS = YES;
				GENERATE_INFOPLIST_FILE = YES;
				INFOPLIST_KEY_UIApplicationSceneManifest_Generation = YES;
				INFOPLIST_KEY_UIApplicationSupportsIndirectInputEvents = YES;
				INFOPLIST_KEY_UILaunchScreen_Generation = YES;
				INFOPLIST_KEY_UISupportedInterfaceOrientations_iPad = "UIInterfaceOrientationPortrait UIInterfaceOrientationPortraitUpsideDown UIInterfaceOrientationLandscapeLeft UIInterfaceOrientationLandscapeRight";
				INFOPLIST_KEY_UISupportedInterfaceOrientations_iPhone = "UIInterfaceOrientationPortrait UIInterfaceOrientationLandscapeLeft UIInterfaceOrientationLandscapeRight";
				LD_RUNPATH_SEARCH_PATHS = (
					"$(inherited)",
					"@executable_path/Frameworks",
				);
				MARKETING_VERSION = 1.0;
				PRODUCT_BUNDLE_IDENTIFIER = lailaisgames.ChatPrototype;
				PRODUCT_NAME = "$(TARGET_NAME)";
				SWIFT_EMIT_LOC_STRINGS = YES;
				SWIFT_VERSION = 5.0;
				TARGETED_DEVICE_FAMILY = "1,2";
			};
			name = Release;
		};
		BEA4CD7A2BB088D30030C44E /* Debug */ = {
			isa = XCBuildConfiguration;
			buildSettings = {
				ALWAYS_EMBED_SWIFT_STANDARD_LIBRARIES = YES;
				BUNDLE_LOADER = "$(TEST_HOST)";
				CODE_SIGN_STYLE = Automatic;
				CURRENT_PROJECT_VERSION = 1;
				GENERATE_INFOPLIST_FILE = YES;
				IPHONEOS_DEPLOYMENT_TARGET = 17.2;
				MARKETING_VERSION = 1.0;
				PRODUCT_BUNDLE_IDENTIFIER = lailaisgames.ChatPrototypeTests;
				PRODUCT_NAME = "$(TARGET_NAME)";
				SWIFT_EMIT_LOC_STRINGS = NO;
				SWIFT_VERSION = 5.0;
				TARGETED_DEVICE_FAMILY = "1,2";
				TEST_HOST = "$(BUILT_PRODUCTS_DIR)/ChatPrototype.app/$(BUNDLE_EXECUTABLE_FOLDER_PATH)/ChatPrototype";
			};
			name = Debug;
		};
		BEA4CD7B2BB088D30030C44E /* Release */ = {
			isa = XCBuildConfiguration;
			buildSettings = {
				ALWAYS_EMBED_SWIFT_STANDARD_LIBRARIES = YES;
				BUNDLE_LOADER = "$(TEST_HOST)";
				CODE_SIGN_STYLE = Automatic;
				CURRENT_PROJECT_VERSION = 1;
				GENERATE_INFOPLIST_FILE = YES;
				IPHONEOS_DEPLOYMENT_TARGET = 17.2;
				MARKETING_VERSION = 1.0;
				PRODUCT_BUNDLE_IDENTIFIER = lailaisgames.ChatPrototypeTests;
				PRODUCT_NAME = "$(TARGET_NAME)";
				SWIFT_EMIT_LOC_STRINGS = NO;
				SWIFT_VERSION = 5.0;
				TARGETED_DEVICE_FAMILY = "1,2";
				TEST_HOST = "$(BUILT_PRODUCTS_DIR)/ChatPrototype.app/$(BUNDLE_EXECUTABLE_FOLDER_PATH)/ChatPrototype";
			};
			name = Release;
		};
		BEA4CD7D2BB088D30030C44E /* Debug */ = {
			isa = XCBuildConfiguration;
			buildSettings = {
				ALWAYS_EMBED_SWIFT_STANDARD_LIBRARIES = YES;
				CODE_SIGN_STYLE = Automatic;
				CURRENT_PROJECT_VERSION = 1;
				GENERATE_INFOPLIST_FILE = YES;
				MARKETING_VERSION = 1.0;
				PRODUCT_BUNDLE_IDENTIFIER = lailaisgames.ChatPrototypeUITests;
				PRODUCT_NAME = "$(TARGET_NAME)";
				SWIFT_EMIT_LOC_STRINGS = NO;
				SWIFT_VERSION = 5.0;
				TARGETED_DEVICE_FAMILY = "1,2";
				TEST_TARGET_NAME = ChatPrototype;
			};
			name = Debug;
		};
		BEA4CD7E2BB088D30030C44E /* Release */ = {
			isa = XCBuildConfiguration;
			buildSettings = {
				ALWAYS_EMBED_SWIFT_STANDARD_LIBRARIES = YES;
				CODE_SIGN_STYLE = Automatic;
				CURRENT_PROJECT_VERSION = 1;
				GENERATE_INFOPLIST_FILE = YES;
				MARKETING_VERSION = 1.0;
				PRODUCT_BUNDLE_IDENTIFIER = lailaisgames.ChatPrototypeUITests;
				PRODUCT_NAME = "$(TARGET_NAME)";
				SWIFT_EMIT_LOC_STRINGS = NO;
				SWIFT_VERSION = 5.0;
				TARGETED_DEVICE_FAMILY = "1,2";
				TEST_TARGET_NAME = ChatPrototype;
			};
			name = Release;
		};
/* End XCBuildConfiguration section */

/* Begin XCConfigurationList section */
		BEA4CD4D2BB088D00030C44E /* Build configuration list for PBXProject "ChatPrototype" */ = {
			isa = XCConfigurationList;
			buildConfigurations = (
				BEA4CD742BB088D30030C44E /* Debug */,
				BEA4CD752BB088D30030C44E /* Release */,
			);
			defaultConfigurationIsVisible = 0;
			defaultConfigurationName = Release;
		};
		BEA4CD762BB088D30030C44E /* Build configuration list for PBXNativeTarget "ChatPrototype" */ = {
			isa = XCConfigurationList;
			buildConfigurations = (
				BEA4CD772BB088D30030C44E /* Debug */,
				BEA4CD782BB088D30030C44E /* Release */,
			);
			defaultConfigurationIsVisible = 0;
			defaultConfigurationName = Release;
		};
		BEA4CD792BB088D30030C44E /* Build configuration list for PBXNativeTarget "ChatPrototypeTests" */ = {
			isa = XCConfigurationList;
			buildConfigurations = (
				BEA4CD7A2BB088D30030C44E /* Debug */,
				BEA4CD7B2BB088D30030C44E /* Release */,
			);
			defaultConfigurationIsVisible = 0;
			defaultConfigurationName = Release;
		};
		BEA4CD7C2BB088D30030C44E /* Build configuration list for PBXNativeTarget "ChatPrototypeUITests" */ = {
			isa = XCConfigurationList;
			buildConfigurations = (
				BEA4CD7D2BB088D30030C44E /* Debug */,
				BEA4CD7E2BB088D30030C44E /* Release */,
			);
			defaultConfigurationIsVisible = 0;
			defaultConfigurationName = Release;
		};
/* End XCConfigurationList section */
	};
	rootObject = BEA4CD4A2BB088D00030C44E /* Project object */;
}
