// !$*UTF8*$!
{
	archiveVersion = 1;
	classes = {
	};
	objectVersion = 56;
	objects = {

/* Begin PBXBuildFile section */
		BE48BD852BBCBE8900BCBBD2 /* AppDelegate.swift in Sources */ = {isa = PBXBuildFile; fileRef = BE48BD842BBCBE8900BCBBD2 /* AppDelegate.swift */; };
		BE48BD872BBCBE8900BCBBD2 /* SceneDelegate.swift in Sources */ = {isa = PBXBuildFile; fileRef = BE48BD862BBCBE8900BCBBD2 /* SceneDelegate.swift */; };
		BE48BD892BBCBE8900BCBBD2 /* MainTabBarViewController.swift in Sources */ = {isa = PBXBuildFile; fileRef = BE48BD882BBCBE8900BCBBD2 /* MainTabBarViewController.swift */; };
		BE48BD8E2BBCBE8B00BCBBD2 /* Assets.xcassets in Resources */ = {isa = PBXBuildFile; fileRef = BE48BD8D2BBCBE8B00BCBBD2 /* Assets.xcassets */; };
		BE48BD912BBCBE8B00BCBBD2 /* LaunchScreen.storyboard in Resources */ = {isa = PBXBuildFile; fileRef = BE48BD8F2BBCBE8B00BCBBD2 /* LaunchScreen.storyboard */; };
		BE48BD9A2BBCC37C00BCBBD2 /* HomeViewController.swift in Sources */ = {isa = PBXBuildFile; fileRef = BE48BD992BBCC37C00BCBBD2 /* HomeViewController.swift */; };
		BE48BD9C2BBCC3D600BCBBD2 /* UpcomingViewController.swift in Sources */ = {isa = PBXBuildFile; fileRef = BE48BD9B2BBCC3D600BCBBD2 /* UpcomingViewController.swift */; };
		BE48BD9E2BBCC42F00BCBBD2 /* SearchViewController.swift in Sources */ = {isa = PBXBuildFile; fileRef = BE48BD9D2BBCC42F00BCBBD2 /* SearchViewController.swift */; };
		BE48BDA02BBCC45600BCBBD2 /* DownloadsViewController.swift in Sources */ = {isa = PBXBuildFile; fileRef = BE48BD9F2BBCC45600BCBBD2 /* DownloadsViewController.swift */; };
		BE48BDA72BBCD1D200BCBBD2 /* CollectionViewTableViewCell.swift in Sources */ = {isa = PBXBuildFile; fileRef = BE48BDA62BBCD1D200BCBBD2 /* CollectionViewTableViewCell.swift */; };
		BE48BDA92BBCDC9000BCBBD2 /* HeroHeaderUIView.swift in Sources */ = {isa = PBXBuildFile; fileRef = BE48BDA82BBCDC9000BCBBD2 /* HeroHeaderUIView.swift */; };
/* End PBXBuildFile section */

/* Begin PBXFileReference section */
		BE48BD812BBCBE8900BCBBD2 /* Netflix Clone.app */ = {isa = PBXFileReference; explicitFileType = wrapper.application; includeInIndex = 0; path = "Netflix Clone.app"; sourceTree = BUILT_PRODUCTS_DIR; };
		BE48BD842BBCBE8900BCBBD2 /* AppDelegate.swift */ = {isa = PBXFileReference; lastKnownFileType = sourcecode.swift; path = AppDelegate.swift; sourceTree = "<group>"; };
		BE48BD862BBCBE8900BCBBD2 /* SceneDelegate.swift */ = {isa = PBXFileReference; lastKnownFileType = sourcecode.swift; path = SceneDelegate.swift; sourceTree = "<group>"; };
		BE48BD882BBCBE8900BCBBD2 /* MainTabBarViewController.swift */ = {isa = PBXFileReference; lastKnownFileType = sourcecode.swift; path = MainTabBarViewController.swift; sourceTree = "<group>"; };
		BE48BD8D2BBCBE8B00BCBBD2 /* Assets.xcassets */ = {isa = PBXFileReference; lastKnownFileType = folder.assetcatalog; path = Assets.xcassets; sourceTree = "<group>"; };
		BE48BD902BBCBE8B00BCBBD2 /* Base */ = {isa = PBXFileReference; lastKnownFileType = file.storyboard; name = Base; path = Base.lproj/LaunchScreen.storyboard; sourceTree = "<group>"; };
		BE48BD922BBCBE8B00BCBBD2 /* Info.plist */ = {isa = PBXFileReference; lastKnownFileType = text.plist.xml; path = Info.plist; sourceTree = "<group>"; };
		BE48BD992BBCC37C00BCBBD2 /* HomeViewController.swift */ = {isa = PBXFileReference; lastKnownFileType = sourcecode.swift; path = HomeViewController.swift; sourceTree = "<group>"; };
		BE48BD9B2BBCC3D600BCBBD2 /* UpcomingViewController.swift */ = {isa = PBXFileReference; lastKnownFileType = sourcecode.swift; path = UpcomingViewController.swift; sourceTree = "<group>"; };
		BE48BD9D2BBCC42F00BCBBD2 /* SearchViewController.swift */ = {isa = PBXFileReference; lastKnownFileType = sourcecode.swift; path = SearchViewController.swift; sourceTree = "<group>"; };
		BE48BD9F2BBCC45600BCBBD2 /* DownloadsViewController.swift */ = {isa = PBXFileReference; lastKnownFileType = sourcecode.swift; path = DownloadsViewController.swift; sourceTree = "<group>"; };
		BE48BDA62BBCD1D200BCBBD2 /* CollectionViewTableViewCell.swift */ = {isa = PBXFileReference; lastKnownFileType = sourcecode.swift; path = CollectionViewTableViewCell.swift; sourceTree = "<group>"; };
		BE48BDA82BBCDC9000BCBBD2 /* HeroHeaderUIView.swift */ = {isa = PBXFileReference; lastKnownFileType = sourcecode.swift; path = HeroHeaderUIView.swift; sourceTree = "<group>"; };
/* End PBXFileReference section */

/* Begin PBXFrameworksBuildPhase section */
		BE48BD7E2BBCBE8900BCBBD2 /* Frameworks */ = {
			isa = PBXFrameworksBuildPhase;
			buildActionMask = 2147483647;
			files = (
			);
			runOnlyForDeploymentPostprocessing = 0;
		};
/* End PBXFrameworksBuildPhase section */

/* Begin PBXGroup section */
		BE48BD782BBCBE8900BCBBD2 = {
			isa = PBXGroup;
			children = (
				BE48BD832BBCBE8900BCBBD2 /* Netflix Clone */,
				BE48BD822BBCBE8900BCBBD2 /* Products */,
			);
			sourceTree = "<group>";
		};
		BE48BD822BBCBE8900BCBBD2 /* Products */ = {
			isa = PBXGroup;
			children = (
				BE48BD812BBCBE8900BCBBD2 /* Netflix Clone.app */,
			);
			name = Products;
			sourceTree = "<group>";
		};
		BE48BD832BBCBE8900BCBBD2 /* Netflix Clone */ = {
			isa = PBXGroup;
			children = (
				BE48BDA52BBCD18800BCBBD2 /* Managers */,
				BE48BDA42BBCD18100BCBBD2 /* Resources */,
				BE48BDA32BBCD02200BCBBD2 /* Models */,
				BE48BDA12BBCCFFC00BCBBD2 /* Views */,
				BE48BDA22BBCD01100BCBBD2 /* ViewModels */,
				BE48BD982BBCC31500BCBBD2 /* Controllers */,
				BE48BD842BBCBE8900BCBBD2 /* AppDelegate.swift */,
				BE48BD862BBCBE8900BCBBD2 /* SceneDelegate.swift */,
				BE48BD882BBCBE8900BCBBD2 /* MainTabBarViewController.swift */,
				BE48BD8D2BBCBE8B00BCBBD2 /* Assets.xcassets */,
				BE48BD8F2BBCBE8B00BCBBD2 /* LaunchScreen.storyboard */,
				BE48BD922BBCBE8B00BCBBD2 /* Info.plist */,
			);
			path = "Netflix Clone";
			sourceTree = "<group>";
		};
		BE48BD982BBCC31500BCBBD2 /* Controllers */ = {
			isa = PBXGroup;
			children = (
				BE48BD992BBCC37C00BCBBD2 /* HomeViewController.swift */,
				BE48BD9B2BBCC3D600BCBBD2 /* UpcomingViewController.swift */,
				BE48BD9D2BBCC42F00BCBBD2 /* SearchViewController.swift */,
				BE48BD9F2BBCC45600BCBBD2 /* DownloadsViewController.swift */,
			);
			path = Controllers;
			sourceTree = "<group>";
		};
		BE48BDA12BBCCFFC00BCBBD2 /* Views */ = {
			isa = PBXGroup;
			children = (
				BE48BDA62BBCD1D200BCBBD2 /* CollectionViewTableViewCell.swift */,
				BE48BDA82BBCDC9000BCBBD2 /* HeroHeaderUIView.swift */,
			);
			path = Views;
			sourceTree = "<group>";
		};
		BE48BDA22BBCD01100BCBBD2 /* ViewModels */ = {
			isa = PBXGroup;
			children = (
			);
			path = ViewModels;
			sourceTree = "<group>";
		};
		BE48BDA32BBCD02200BCBBD2 /* Models */ = {
			isa = PBXGroup;
			children = (
			);
			path = Models;
			sourceTree = "<group>";
		};
		BE48BDA42BBCD18100BCBBD2 /* Resources */ = {
			isa = PBXGroup;
			children = (
			);
			path = Resources;
			sourceTree = "<group>";
		};
		BE48BDA52BBCD18800BCBBD2 /* Managers */ = {
			isa = PBXGroup;
			children = (
			);
			path = Managers;
			sourceTree = "<group>";
		};
/* End PBXGroup section */

/* Begin PBXNativeTarget section */
		BE48BD802BBCBE8900BCBBD2 /* Netflix Clone */ = {
			isa = PBXNativeTarget;
			buildConfigurationList = BE48BD952BBCBE8B00BCBBD2 /* Build configuration list for PBXNativeTarget "Netflix Clone" */;
			buildPhases = (
				BE48BD7D2BBCBE8900BCBBD2 /* Sources */,
				BE48BD7E2BBCBE8900BCBBD2 /* Frameworks */,
				BE48BD7F2BBCBE8900BCBBD2 /* Resources */,
			);
			buildRules = (
			);
			dependencies = (
			);
			name = "Netflix Clone";
			productName = "Netflix Clone";
			productReference = BE48BD812BBCBE8900BCBBD2 /* Netflix Clone.app */;
			productType = "com.apple.product-type.application";
		};
/* End PBXNativeTarget section */

/* Begin PBXProject section */
		BE48BD792BBCBE8900BCBBD2 /* Project object */ = {
			isa = PBXProject;
			attributes = {
				BuildIndependentTargetsInParallel = 1;
				LastSwiftUpdateCheck = 1520;
				LastUpgradeCheck = 1520;
				TargetAttributes = {
					BE48BD802BBCBE8900BCBBD2 = {
						CreatedOnToolsVersion = 15.2;
					};
				};
			};
			buildConfigurationList = BE48BD7C2BBCBE8900BCBBD2 /* Build configuration list for PBXProject "Netflix Clone" */;
			compatibilityVersion = "Xcode 14.0";
			developmentRegion = en;
			hasScannedForEncodings = 0;
			knownRegions = (
				en,
				Base,
			);
			mainGroup = BE48BD782BBCBE8900BCBBD2;
			productRefGroup = BE48BD822BBCBE8900BCBBD2 /* Products */;
			projectDirPath = "";
			projectRoot = "";
			targets = (
				BE48BD802BBCBE8900BCBBD2 /* Netflix Clone */,
			);
		};
/* End PBXProject section */

/* Begin PBXResourcesBuildPhase section */
		BE48BD7F2BBCBE8900BCBBD2 /* Resources */ = {
			isa = PBXResourcesBuildPhase;
			buildActionMask = 2147483647;
			files = (
				BE48BD912BBCBE8B00BCBBD2 /* LaunchScreen.storyboard in Resources */,
				BE48BD8E2BBCBE8B00BCBBD2 /* Assets.xcassets in Resources */,
			);
			runOnlyForDeploymentPostprocessing = 0;
		};
/* End PBXResourcesBuildPhase section */

/* Begin PBXSourcesBuildPhase section */
		BE48BD7D2BBCBE8900BCBBD2 /* Sources */ = {
			isa = PBXSourcesBuildPhase;
			buildActionMask = 2147483647;
			files = (
				BE48BD9E2BBCC42F00BCBBD2 /* SearchViewController.swift in Sources */,
				BE48BD892BBCBE8900BCBBD2 /* MainTabBarViewController.swift in Sources */,
				BE48BDA72BBCD1D200BCBBD2 /* CollectionViewTableViewCell.swift in Sources */,
				BE48BDA92BBCDC9000BCBBD2 /* HeroHeaderUIView.swift in Sources */,
				BE48BDA02BBCC45600BCBBD2 /* DownloadsViewController.swift in Sources */,
				BE48BD852BBCBE8900BCBBD2 /* AppDelegate.swift in Sources */,
				BE48BD872BBCBE8900BCBBD2 /* SceneDelegate.swift in Sources */,
				BE48BD9C2BBCC3D600BCBBD2 /* UpcomingViewController.swift in Sources */,
				BE48BD9A2BBCC37C00BCBBD2 /* HomeViewController.swift in Sources */,
			);
			runOnlyForDeploymentPostprocessing = 0;
		};
/* End PBXSourcesBuildPhase section */

/* Begin PBXVariantGroup section */
		BE48BD8F2BBCBE8B00BCBBD2 /* LaunchScreen.storyboard */ = {
			isa = PBXVariantGroup;
			children = (
				BE48BD902BBCBE8B00BCBBD2 /* Base */,
			);
			name = LaunchScreen.storyboard;
			sourceTree = "<group>";
		};
/* End PBXVariantGroup section */

/* Begin XCBuildConfiguration section */
		BE48BD932BBCBE8B00BCBBD2 /* Debug */ = {
			isa = XCBuildConfiguration;
			buildSettings = {
				ALWAYS_SEARCH_USER_PATHS = NO;
				ASSETCATALOG_COMPILER_GENERATE_SWIFT_ASSET_SYMBOL_EXTENSIONS = YES;
				CLANG_ANALYZER_NONNULL = YES;
				CLANG_ANALYZER_NUMBER_OBJECT_CONVERSION = YES_AGGRESSIVE;
				CLANG_CXX_LANGUAGE_STANDARD = "gnu++20";
				CLANG_ENABLE_MODULES = YES;
				CLANG_ENABLE_OBJC_ARC = YES;
				CLANG_ENABLE_OBJC_WEAK = YES;
				CLANG_WARN_BLOCK_CAPTURE_AUTORELEASING = YES;
				CLANG_WARN_BOOL_CONVERSION = YES;
				CLANG_WARN_COMMA = YES;
				CLANG_WARN_CONSTANT_CONVERSION = YES;
				CLANG_WARN_DEPRECATED_OBJC_IMPLEMENTATIONS = YES;
				CLANG_WARN_DIRECT_OBJC_ISA_USAGE = YES_ERROR;
				CLANG_WARN_DOCUMENTATION_COMMENTS = YES;
				CLANG_WARN_EMPTY_BODY = YES;
				CLANG_WARN_ENUM_CONVERSION = YES;
				CLANG_WARN_INFINITE_RECURSION = YES;
				CLANG_WARN_INT_CONVERSION = YES;
				CLANG_WARN_NON_LITERAL_NULL_CONVERSION = YES;
				CLANG_WARN_OBJC_IMPLICIT_RETAIN_SELF = YES;
				CLANG_WARN_OBJC_LITERAL_CONVERSION = YES;
				CLANG_WARN_OBJC_ROOT_CLASS = YES_ERROR;
				CLANG_WARN_QUOTED_INCLUDE_IN_FRAMEWORK_HEADER = YES;
				CLANG_WARN_RANGE_LOOP_ANALYSIS = YES;
				CLANG_WARN_STRICT_PROTOTYPES = YES;
				CLANG_WARN_SUSPICIOUS_MOVE = YES;
				CLANG_WARN_UNGUARDED_AVAILABILITY = YES_AGGRESSIVE;
				CLANG_WARN_UNREACHABLE_CODE = YES;
				CLANG_WARN__DUPLICATE_METHOD_MATCH = YES;
				COPY_PHASE_STRIP = NO;
				DEBUG_INFORMATION_FORMAT = dwarf;
				ENABLE_STRICT_OBJC_MSGSEND = YES;
				ENABLE_TESTABILITY = YES;
				ENABLE_USER_SCRIPT_SANDBOXING = YES;
				GCC_C_LANGUAGE_STANDARD = gnu17;
				GCC_DYNAMIC_NO_PIC = NO;
				GCC_NO_COMMON_BLOCKS = YES;
				GCC_OPTIMIZATION_LEVEL = 0;
				GCC_PREPROCESSOR_DEFINITIONS = (
					"DEBUG=1",
					"$(inherited)",
				);
				GCC_WARN_64_TO_32_BIT_CONVERSION = YES;
				GCC_WARN_ABOUT_RETURN_TYPE = YES_ERROR;
				GCC_WARN_UNDECLARED_SELECTOR = YES;
				GCC_WARN_UNINITIALIZED_AUTOS = YES_AGGRESSIVE;
				GCC_WARN_UNUSED_FUNCTION = YES;
				GCC_WARN_UNUSED_VARIABLE = YES;
				IPHONEOS_DEPLOYMENT_TARGET = 17.2;
				LOCALIZATION_PREFERS_STRING_CATALOGS = YES;
				MTL_ENABLE_DEBUG_INFO = INCLUDE_SOURCE;
				MTL_FAST_MATH = YES;
				ONLY_ACTIVE_ARCH = YES;
				SDKROOT = iphoneos;
				SWIFT_ACTIVE_COMPILATION_CONDITIONS = "DEBUG $(inherited)";
				SWIFT_OPTIMIZATION_LEVEL = "-Onone";
			};
			name = Debug;
		};
		BE48BD942BBCBE8B00BCBBD2 /* Release */ = {
			isa = XCBuildConfiguration;
			buildSettings = {
				ALWAYS_SEARCH_USER_PATHS = NO;
				ASSETCATALOG_COMPILER_GENERATE_SWIFT_ASSET_SYMBOL_EXTENSIONS = YES;
				CLANG_ANALYZER_NONNULL = YES;
				CLANG_ANALYZER_NUMBER_OBJECT_CONVERSION = YES_AGGRESSIVE;
				CLANG_CXX_LANGUAGE_STANDARD = "gnu++20";
				CLANG_ENABLE_MODULES = YES;
				CLANG_ENABLE_OBJC_ARC = YES;
				CLANG_ENABLE_OBJC_WEAK = YES;
				CLANG_WARN_BLOCK_CAPTURE_AUTORELEASING = YES;
				CLANG_WARN_BOOL_CONVERSION = YES;
				CLANG_WARN_COMMA = YES;
				CLANG_WARN_CONSTANT_CONVERSION = YES;
				CLANG_WARN_DEPRECATED_OBJC_IMPLEMENTATIONS = YES;
				CLANG_WARN_DIRECT_OBJC_ISA_USAGE = YES_ERROR;
				CLANG_WARN_DOCUMENTATION_COMMENTS = YES;
				CLANG_WARN_EMPTY_BODY = YES;
				CLANG_WARN_ENUM_CONVERSION = YES;
				CLANG_WARN_INFINITE_RECURSION = YES;
				CLANG_WARN_INT_CONVERSION = YES;
				CLANG_WARN_NON_LITERAL_NULL_CONVERSION = YES;
				CLANG_WARN_OBJC_IMPLICIT_RETAIN_SELF = YES;
				CLANG_WARN_OBJC_LITERAL_CONVERSION = YES;
				CLANG_WARN_OBJC_ROOT_CLASS = YES_ERROR;
				CLANG_WARN_QUOTED_INCLUDE_IN_FRAMEWORK_HEADER = YES;
				CLANG_WARN_RANGE_LOOP_ANALYSIS = YES;
				CLANG_WARN_STRICT_PROTOTYPES = YES;
				CLANG_WARN_SUSPICIOUS_MOVE = YES;
				CLANG_WARN_UNGUARDED_AVAILABILITY = YES_AGGRESSIVE;
				CLANG_WARN_UNREACHABLE_CODE = YES;
				CLANG_WARN__DUPLICATE_METHOD_MATCH = YES;
				COPY_PHASE_STRIP = NO;
				DEBUG_INFORMATION_FORMAT = "dwarf-with-dsym";
				ENABLE_NS_ASSERTIONS = NO;
				ENABLE_STRICT_OBJC_MSGSEND = YES;
				ENABLE_USER_SCRIPT_SANDBOXING = YES;
				GCC_C_LANGUAGE_STANDARD = gnu17;
				GCC_NO_COMMON_BLOCKS = YES;
				GCC_WARN_64_TO_32_BIT_CONVERSION = YES;
				GCC_WARN_ABOUT_RETURN_TYPE = YES_ERROR;
				GCC_WARN_UNDECLARED_SELECTOR = YES;
				GCC_WARN_UNINITIALIZED_AUTOS = YES_AGGRESSIVE;
				GCC_WARN_UNUSED_FUNCTION = YES;
				GCC_WARN_UNUSED_VARIABLE = YES;
				IPHONEOS_DEPLOYMENT_TARGET = 17.2;
				LOCALIZATION_PREFERS_STRING_CATALOGS = YES;
				MTL_ENABLE_DEBUG_INFO = NO;
				MTL_FAST_MATH = YES;
				SDKROOT = iphoneos;
				SWIFT_COMPILATION_MODE = wholemodule;
				VALIDATE_PRODUCT = YES;
			};
			name = Release;
		};
		BE48BD962BBCBE8B00BCBBD2 /* Debug */ = {
			isa = XCBuildConfiguration;
			buildSettings = {
				ASSETCATALOG_COMPILER_APPICON_NAME = AppIcon;
				ASSETCATALOG_COMPILER_GLOBAL_ACCENT_COLOR_NAME = AccentColor;
				CODE_SIGN_STYLE = Automatic;
				CURRENT_PROJECT_VERSION = 1;
				GENERATE_INFOPLIST_FILE = YES;
				INFOPLIST_FILE = "Netflix Clone/Info.plist";
				INFOPLIST_KEY_UIApplicationSupportsIndirectInputEvents = YES;
				INFOPLIST_KEY_UILaunchStoryboardName = LaunchScreen;
				INFOPLIST_KEY_UISupportedInterfaceOrientations_iPad = "UIInterfaceOrientationPortrait UIInterfaceOrientationPortraitUpsideDown UIInterfaceOrientationLandscapeLeft UIInterfaceOrientationLandscapeRight";
				INFOPLIST_KEY_UISupportedInterfaceOrientations_iPhone = "UIInterfaceOrientationPortrait UIInterfaceOrientationLandscapeLeft UIInterfaceOrientationLandscapeRight";
				LD_RUNPATH_SEARCH_PATHS = (
					"$(inherited)",
					"@executable_path/Frameworks",
				);
				MARKETING_VERSION = 1.0;
				PRODUCT_BUNDLE_IDENTIFIER = "lailaisgames.Netflix-Clone";
				PRODUCT_NAME = "$(TARGET_NAME)";
				SWIFT_EMIT_LOC_STRINGS = YES;
				SWIFT_VERSION = 5.0;
				TARGETED_DEVICE_FAMILY = "1,2";
			};
			name = Debug;
		};
		BE48BD972BBCBE8B00BCBBD2 /* Release */ = {
			isa = XCBuildConfiguration;
			buildSettings = {
				ASSETCATALOG_COMPILER_APPICON_NAME = AppIcon;
				ASSETCATALOG_COMPILER_GLOBAL_ACCENT_COLOR_NAME = AccentColor;
				CODE_SIGN_STYLE = Automatic;
				CURRENT_PROJECT_VERSION = 1;
				GENERATE_INFOPLIST_FILE = YES;
				INFOPLIST_FILE = "Netflix Clone/Info.plist";
				INFOPLIST_KEY_UIApplicationSupportsIndirectInputEvents = YES;
				INFOPLIST_KEY_UILaunchStoryboardName = LaunchScreen;
				INFOPLIST_KEY_UISupportedInterfaceOrientations_iPad = "UIInterfaceOrientationPortrait UIInterfaceOrientationPortraitUpsideDown UIInterfaceOrientationLandscapeLeft UIInterfaceOrientationLandscapeRight";
				INFOPLIST_KEY_UISupportedInterfaceOrientations_iPhone = "UIInterfaceOrientationPortrait UIInterfaceOrientationLandscapeLeft UIInterfaceOrientationLandscapeRight";
				LD_RUNPATH_SEARCH_PATHS = (
					"$(inherited)",
					"@executable_path/Frameworks",
				);
				MARKETING_VERSION = 1.0;
				PRODUCT_BUNDLE_IDENTIFIER = "lailaisgames.Netflix-Clone";
				PRODUCT_NAME = "$(TARGET_NAME)";
				SWIFT_EMIT_LOC_STRINGS = YES;
				SWIFT_VERSION = 5.0;
				TARGETED_DEVICE_FAMILY = "1,2";
			};
			name = Release;
		};
/* End XCBuildConfiguration section */

/* Begin XCConfigurationList section */
		BE48BD7C2BBCBE8900BCBBD2 /* Build configuration list for PBXProject "Netflix Clone" */ = {
			isa = XCConfigurationList;
			buildConfigurations = (
				BE48BD932BBCBE8B00BCBBD2 /* Debug */,
				BE48BD942BBCBE8B00BCBBD2 /* Release */,
			);
			defaultConfigurationIsVisible = 0;
			defaultConfigurationName = Release;
		};
		BE48BD952BBCBE8B00BCBBD2 /* Build configuration list for PBXNativeTarget "Netflix Clone" */ = {
			isa = XCConfigurationList;
			buildConfigurations = (
				BE48BD962BBCBE8B00BCBBD2 /* Debug */,
				BE48BD972BBCBE8B00BCBBD2 /* Release */,
			);
			defaultConfigurationIsVisible = 0;
			defaultConfigurationName = Release;
		};
/* End XCConfigurationList section */
	};
	rootObject = BE48BD792BBCBE8900BCBBD2 /* Project object */;
}
